Microsoft Visual Studio Solution File, Format Version 12.00
# Visual Studio 15
VisualStudioVersion = 15.0.28307.271
MinimumVisualStudioVersion = 10.0.40219.1
Project("{FAE04EC0-301F-11D3-BF4B-00C04F79EFBC}") = "Xamarin.AdmobExample.Android", "Xamarin.AdmobExample.Android\Xamarin.AdmobExample.Android.csproj", "{6867710B-C577-48A8-B619-E74B5A275B63}"
EndProject
Project("{FAE04EC0-301F-11D3-BF4B-00C04F79EFBC}") = "Xamarin.AdmobExample.iOS", "Xamarin.AdmobExample.iOS\Xamarin.AdmobExample.iOS.csproj", "{34BC833F-6624-47E1-887C-126CA82B482E}"
EndProject
Project("{D954291E-2A0B-460D-934E-DC6B0785DB48}") = "Xamarin.AdmobExample", "Xamarin.AdmobExample\Xamarin.AdmobExample.shproj", "{66A6AB54-12E8-476C-BA43-907D361B0EE1}"
EndProject
Global
	GlobalSection(SharedMSBuildProjectFiles) = preSolution
		Xamarin.AdmobExample\Xamarin.AdmobExample.projitems*{34bc833f-6624-47e1-887c-126ca82b482e}*SharedItemsImports = 4
		Xamarin.AdmobExample\Xamarin.AdmobExample.projitems*{66a6ab54-12e8-476c-ba43-907d361b0ee1}*SharedItemsImports = 13
		Xamarin.AdmobExample\Xamarin.AdmobExample.projitems*{6867710b-c577-48a8-b619-e74b5a275b63}*SharedItemsImports = 4
	EndGlobalSection
	GlobalSection(SolutionConfigurationPlatforms) = preSolution
		Ad-Hoc|Any CPU = Ad-Hoc|Any CPU
		Ad-Hoc|iPhone = Ad-Hoc|iPhone
		Ad-Hoc|iPhoneSimulator = Ad-Hoc|iPhoneSimulator
		AppStore|Any CPU = AppStore|Any CPU
		AppStore|iPhone = AppStore|iPhone
		AppStore|iPhoneSimulator = AppStore|iPhoneSimulator
		Debug|Any CPU = Debug|Any CPU
		Debug|iPhone = Debug|iPhone
		Debug|iPhoneSimulator = Debug|iPhoneSimulator
		Release|Any CPU = Release|Any CPU
		Release|iPhone = Release|iPhone
		Release|iPhoneSimulator = Release|iPhoneSimulator
	EndGlobalSection
	GlobalSection(ProjectConfigurationPlatforms) = postSolution
		{6867710B-C577-48A8-B619-E74B5A275B63}.Ad-Hoc|Any CPU.ActiveCfg = Release|Any CPU
		{6867710B-C577-48A8-B619-E74B5A275B63}.Ad-Hoc|Any CPU.Build.0 = Release|Any CPU
		{6867710B-C577-48A8-B619-E74B5A275B63}.Ad-Hoc|Any CPU.Deploy.0 = Release|Any CPU
		{6867710B-C577-48A8-B619-E74B5A275B63}.Ad-Hoc|iPhone.ActiveCfg = Debug|Any CPU
		{6867710B-C577-48A8-B619-E74B5A275B63}.Ad-Hoc|iPhone.Build.0 = Debug|Any CPU
		{6867710B-C577-48A8-B619-E74B5A275B63}.Ad-Hoc|iPhoneSimulator.ActiveCfg = Release|Any CPU
		{6867710B-C577-48A8-B619-E74B5A275B63}.Ad-Hoc|iPhoneSimulator.Build.0 = Release|Any CPU
		{6867710B-C577-48A8-B619-E74B5A275B63}.Ad-Hoc|iPhoneSimulator.Deploy.0 = Release|Any CPU
		{6867710B-C577-48A8-B619-E74B5A275B63}.AppStore|Any CPU.ActiveCfg = Release|Any CPU
		{6867710B-C577-48A8-B619-E74B5A275B63}.AppStore|Any CPU.Build.0 = Release|Any CPU
		{6867710B-C577-48A8-B619-E74B5A275B63}.AppStore|Any CPU.Deploy.0 = Release|Any CPU
		{6867710B-C577-48A8-B619-E74B5A275B63}.AppStore|iPhone.ActiveCfg = Debug|Any CPU
		{6867710B-C577-48A8-B619-E74B5A275B63}.AppStore|iPhone.Build.0 = Debug|Any CPU
		{6867710B-C577-48A8-B619-E74B5A275B63}.AppStore|iPhoneSimulator.ActiveCfg = Release|Any CPU
		{6867710B-C577-48A8-B619-E74B5A275B63}.AppStore|iPhoneSimulator.Build.0 = Release|Any CPU
		{6867710B-C577-48A8-B619-E74B5A275B63}.AppStore|iPhoneSimulator.Deploy.0 = Release|Any CPU
		{6867710B-C577-48A8-B619-E74B5A275B63}.Debug|Any CPU.ActiveCfg = Debug|Any CPU
		{6867710B-C577-48A8-B619-E74B5A275B63}.Debug|Any CPU.Build.0 = Debug|Any CPU
		{6867710B-C577-48A8-B619-E74B5A275B63}.Debug|iPhone.ActiveCfg = Debug|Any CPU
		{6867710B-C577-48A8-B619-E74B5A275B63}.Debug|iPhone.Build.0 = Debug|Any CPU
		{6867710B-C577-48A8-B619-E74B5A275B63}.Debug|iPhoneSimulator.ActiveCfg = Debug|Any CPU
		{6867710B-C577-48A8-B619-E74B5A275B63}.Debug|iPhoneSimulator.Build.0 = Debug|Any CPU
		{6867710B-C577-48A8-B619-E74B5A275B63}.Release|Any CPU.ActiveCfg = Release|Any CPU
		{6867710B-C577-48A8-B619-E74B5A275B63}.Release|Any CPU.Build.0 = Release|Any CPU
		{6867710B-C577-48A8-B619-E74B5A275B63}.Release|iPhone.ActiveCfg = Release|Any CPU
		{6867710B-C577-48A8-B619-E74B5A275B63}.Release|iPhone.Build.0 = Release|Any CPU
		{6867710B-C577-48A8-B619-E74B5A275B63}.Release|iPhoneSimulator.ActiveCfg = Release|Any CPU
		{6867710B-C577-48A8-B619-E74B5A275B63}.Release|iPhoneSimulator.Build.0 = Release|Any CPU
		{34BC833F-6624-47E1-887C-126CA82B482E}.Ad-Hoc|Any CPU.ActiveCfg = Ad-Hoc|iPhoneSimulator
		{34BC833F-6624-47E1-887C-126CA82B482E}.Ad-Hoc|iPhone.ActiveCfg = Ad-Hoc|iPhone
		{34BC833F-6624-47E1-887C-126CA82B482E}.Ad-Hoc|iPhone.Build.0 = Ad-Hoc|iPhone
		{34BC833F-6624-47E1-887C-126CA82B482E}.Ad-Hoc|iPhoneSimulator.ActiveCfg = Ad-Hoc|iPhoneSimulator
		{34BC833F-6624-47E1-887C-126CA82B482E}.Ad-Hoc|iPhoneSimulator.Build.0 = Ad-Hoc|iPhoneSimulator
		{34BC833F-6624-47E1-887C-126CA82B482E}.AppStore|Any CPU.ActiveCfg = AppStore|iPhoneSimulator
		{34BC833F-6624-47E1-887C-126CA82B482E}.AppStore|iPhone.ActiveCfg = AppStore|iPhone
		{34BC833F-6624-47E1-887C-126CA82B482E}.AppStore|iPhone.Build.0 = AppStore|iPhone
		{34BC833F-6624-47E1-887C-126CA82B482E}.AppStore|iPhoneSimulator.ActiveCfg = AppStore|iPhoneSimulator
		{34BC833F-6624-47E1-887C-126CA82B482E}.AppStore|iPhoneSimulator.Build.0 = AppStore|iPhoneSimulator
		{34BC833F-6624-47E1-887C-126CA82B482E}.Debug|Any CPU.ActiveCfg = Debug|iPhoneSimulator
		{34BC833F-6624-47E1-887C-126CA82B482E}.Debug|Any CPU.Build.0 = Debug|iPhoneSimulator
		{34BC833F-6624-47E1-887C-126CA82B482E}.Debug|iPhone.ActiveCfg = Debug|iPhone
		{34BC833F-6624-47E1-887C-126CA82B482E}.Debug|iPhone.Build.0 = Debug|iPhone
		{34BC833F-6624-47E1-887C-126CA82B482E}.Debug|iPhoneSimulator.ActiveCfg = Debug|iPhoneSimulator
		{34BC833F-6624-47E1-887C-126CA82B482E}.Debug|iPhoneSimulator.Build.0 = Debug|iPhoneSimulator
		{34BC833F-6624-47E1-887C-126CA82B482E}.Release|Any CPU.ActiveCfg = Release|iPhoneSimulator
		{34BC833F-6624-47E1-887C-126CA82B482E}.Release|Any CPU.Build.0 = Release|iPhoneSimulator
		{34BC833F-6624-47E1-887C-126CA82B482E}.Release|iPhone.ActiveCfg = Release|iPhone
		{34BC833F-6624-47E1-887C-126CA82B482E}.Release|iPhone.Build.0 = Release|iPhone
		{34BC833F-6624-47E1-887C-126CA82B482E}.Release|iPhoneSimulator.ActiveCfg = Release|iPhoneSimulator
		{34BC833F-6624-47E1-887C-126CA82B482E}.Release|iPhoneSimulator.Build.0 = Release|iPhoneSimulator
	EndGlobalSection
	GlobalSection(SolutionProperties) = preSolution
		HideSolutionNode = FALSE
	EndGlobalSection
	GlobalSection(ExtensibilityGlobals) = postSolution
		SolutionGuid = {A8A5A6A0-7D9C-497C-B091-2F3B1CC7788D}
	EndGlobalSection
EndGlobal
